
Microsoft Visual Studio Solution File, Format Version 12.00
# Visual Studio Version 17
VisualStudioVersion = 17.1.32421.90
MinimumVisualStudioVersion = 10.0.40219.1
Project("{FAE04EC0-301F-11D3-BF4B-00C04F79EFBC}") = "OrdenVentas", "OrdenVentas.csproj", "{BA3CB632-5A96-4204-AE81-AA6FEFAFE97E}"
EndProject
Global
	GlobalSection(SolutionConfigurationPlatforms) = preSolution
		Debug|Any CPU = Debug|Any CPU
		Release|Any CPU = Release|Any CPU
	EndGlobalSection
	GlobalSection(ProjectConfigurationPlatforms) = postSolution
		{BA3CB632-5A96-4204-AE81-AA6FEFAFE97E}.Debug|Any CPU.ActiveCfg = Debug|Any CPU
		{BA3CB632-5A96-4204-AE81-AA6FEFAFE97E}.Debug|Any CPU.Build.0 = Debug|Any CPU
		{BA3CB632-5A96-4204-AE81-AA6FEFAFE97E}.Release|Any CPU.ActiveCfg = Release|Any CPU
		{BA3CB632-5A96-4204-AE81-AA6FEFAFE97E}.Release|Any CPU.Build.0 = Release|Any CPU
	EndGlobalSection
	GlobalSection(SolutionProperties) = preSolution
		HideSolutionNode = FALSE
	EndGlobalSection
	GlobalSection(ExtensibilityGlobals) = postSolution
		SolutionGuid = {680D4FF2-C08A-4970-8C2C-C24D30877338}
	EndGlobalSection
EndGlobal
